<?xml version="1.0" encoding="UTF-8" standalone="yes" ?>
<CodeBlocks_project_file>
	<FileVersion major="1" minor="6" />
	<Project>
		<Option title="test_graph" />
		<Option pch_mode="2" />
		<Option compiler="gcc" />
		<Build>
			<Target title="Debug">
				<Option output="bin/Debug/test_graph" prefix_auto="1" extension_auto="1" />
				<Option object_output="obj/Debug/" />
				<Option type="1" />
				<Option compiler="gcc" />
				<Compiler>
					<Add option="-g" />
					<Add directory="include" />
				</Compiler>
			</Target>
			<Target title="Release">
				<Option output="bin/Release/test_graph" prefix_auto="1" extension_auto="1" />
				<Option object_output="obj/Release/" />
				<Option type="1" />
				<Option compiler="gcc" />
				<Compiler>
					<Add option="-O2" />
					<Add directory="include" />
				</Compiler>
				<Linker>
					<Add option="-s" />
				</Linker>
			</Target>
		</Build>
		<Compiler>
			<Add option="-Wall" />
			<Add option="-fexceptions" />
		</Compiler>
		<Linker>
			<Add library="../../../../../Program Files (x86)/CodeBlocks/MinGW/lib/libopenbgi.a" />
			<Add library="../../../../../Program Files (x86)/CodeBlocks/MinGW/lib/libgdi32.a" />
		</Linker>
		<Unit filename="include/ClEdge.h" />
		<Unit filename="include/ClGraf.h" />
		<Unit filename="include/clCircle.h" />
		<Unit filename="include/clDraw.h" />
		<Unit filename="include/clLine.h" />
		<Unit filename="include/clNode.h" />
		<Unit filename="main.cpp" />
		<Unit filename="src/ClEdge.cpp" />
		<Unit filename="src/ClGraf.cpp" />
		<Unit filename="src/clCircle.cpp" />
		<Unit filename="src/clLine.cpp" />
		<Unit filename="src/clNode.cpp" />
		<Extensions>
			<code_completion />
			<envvars />
			<debugger />
			<lib_finder disable_auto="1" />
		</Extensions>
	</Project>
</CodeBlocks_project_file>
